
Microsoft Visual Studio Solution File, Format Version 12.00
# Visual Studio Version 17
VisualStudioVersion = 17.7.34031.279
MinimumVisualStudioVersion = 10.0.40219.1
Project("{9A19103F-16F7-4668-BE54-9A1E7A4F7556}") = "FN738S_HFT_2023241.Client", "FN738S_HFT_2023241.Client\FN738S_HFT_2023241.Client.csproj", "{A584DCC3-56BC-49A7-8694-C39D41DC1760}"
EndProject
Project("{9A19103F-16F7-4668-BE54-9A1E7A4F7556}") = "FN738S_HFT_2023241.Models", "FN738S_HFT_2023241.Models\FN738S_HFT_2023241.Models.csproj", "{D4383D04-1A53-4564-8C2E-CA8C2DCF95C7}"
EndProject
Project("{9A19103F-16F7-4668-BE54-9A1E7A4F7556}") = "FN738S_HFT_2023241.Logic", "FN738S_HFT_2023241.Logic\FN738S_HFT_2023241.Logic.csproj", "{CA9FD2C0-70B1-401D-9B02-4C084E9996AC}"
EndProject
Project("{9A19103F-16F7-4668-BE54-9A1E7A4F7556}") = "FN738S_HFT_2023241.Repository", "FN738S_HFT_2023241.Repository\FN738S_HFT_2023241.Repository.csproj", "{589E5817-611D-4A1B-80B5-9572F134997B}"
EndProject
Project("{9A19103F-16F7-4668-BE54-9A1E7A4F7556}") = "FN738S_HFT_2023241.Test", "FN738S_HFT_2023241.Test\FN738S_HFT_2023241.Test.csproj", "{BFFBE781-E72F-412C-9BC1-79822FE2922D}"
EndProject
Project("{2150E333-8FDC-42A3-9474-1A3956D46DE8}") = "Backend", "Backend", "{60AFE07E-ED85-403A-8269-3F2F72EFCADB}"
EndProject
Project("{2150E333-8FDC-42A3-9474-1A3956D46DE8}") = "Frontend", "Frontend", "{34CAC29E-4102-4D6E-A5DC-A8912277B96C}"
EndProject
Project("{2150E333-8FDC-42A3-9474-1A3956D46DE8}") = "Shared", "Shared", "{8F2A99AF-4D38-4980-9B49-1C15026FB625}"
EndProject
Project("{FAE04EC0-301F-11D3-BF4B-00C04F79EFBC}") = "FN738S_HFT_2023241.Endpoint", "FN738S_HFT_2023241.Endpoint\FN738S_HFT_2023241.Endpoint.csproj", "{3191EEF2-C0DF-42A6-96F5-717A02DB0D98}"
EndProject
Global
	GlobalSection(SolutionConfigurationPlatforms) = preSolution
		Debug|Any CPU = Debug|Any CPU
		Release|Any CPU = Release|Any CPU
	EndGlobalSection
	GlobalSection(ProjectConfigurationPlatforms) = postSolution
		{A584DCC3-56BC-49A7-8694-C39D41DC1760}.Debug|Any CPU.ActiveCfg = Debug|Any CPU
		{A584DCC3-56BC-49A7-8694-C39D41DC1760}.Debug|Any CPU.Build.0 = Debug|Any CPU
		{A584DCC3-56BC-49A7-8694-C39D41DC1760}.Release|Any CPU.ActiveCfg = Release|Any CPU
		{A584DCC3-56BC-49A7-8694-C39D41DC1760}.Release|Any CPU.Build.0 = Release|Any CPU
		{D4383D04-1A53-4564-8C2E-CA8C2DCF95C7}.Debug|Any CPU.ActiveCfg = Debug|Any CPU
		{D4383D04-1A53-4564-8C2E-CA8C2DCF95C7}.Debug|Any CPU.Build.0 = Debug|Any CPU
		{D4383D04-1A53-4564-8C2E-CA8C2DCF95C7}.Release|Any CPU.ActiveCfg = Release|Any CPU
		{D4383D04-1A53-4564-8C2E-CA8C2DCF95C7}.Release|Any CPU.Build.0 = Release|Any CPU
		{CA9FD2C0-70B1-401D-9B02-4C084E9996AC}.Debug|Any CPU.ActiveCfg = Debug|Any CPU
		{CA9FD2C0-70B1-401D-9B02-4C084E9996AC}.Debug|Any CPU.Build.0 = Debug|Any CPU
		{CA9FD2C0-70B1-401D-9B02-4C084E9996AC}.Release|Any CPU.ActiveCfg = Release|Any CPU
		{CA9FD2C0-70B1-401D-9B02-4C084E9996AC}.Release|Any CPU.Build.0 = Release|Any CPU
		{589E5817-611D-4A1B-80B5-9572F134997B}.Debug|Any CPU.ActiveCfg = Debug|Any CPU
		{589E5817-611D-4A1B-80B5-9572F134997B}.Debug|Any CPU.Build.0 = Debug|Any CPU
		{589E5817-611D-4A1B-80B5-9572F134997B}.Release|Any CPU.ActiveCfg = Release|Any CPU
		{589E5817-611D-4A1B-80B5-9572F134997B}.Release|Any CPU.Build.0 = Release|Any CPU
		{BFFBE781-E72F-412C-9BC1-79822FE2922D}.Debug|Any CPU.ActiveCfg = Debug|Any CPU
		{BFFBE781-E72F-412C-9BC1-79822FE2922D}.Debug|Any CPU.Build.0 = Debug|Any CPU
		{BFFBE781-E72F-412C-9BC1-79822FE2922D}.Release|Any CPU.ActiveCfg = Release|Any CPU
		{BFFBE781-E72F-412C-9BC1-79822FE2922D}.Release|Any CPU.Build.0 = Release|Any CPU
		{3191EEF2-C0DF-42A6-96F5-717A02DB0D98}.Debug|Any CPU.ActiveCfg = Debug|Any CPU
		{3191EEF2-C0DF-42A6-96F5-717A02DB0D98}.Debug|Any CPU.Build.0 = Debug|Any CPU
		{3191EEF2-C0DF-42A6-96F5-717A02DB0D98}.Release|Any CPU.ActiveCfg = Release|Any CPU
		{3191EEF2-C0DF-42A6-96F5-717A02DB0D98}.Release|Any CPU.Build.0 = Release|Any CPU
	EndGlobalSection
	GlobalSection(SolutionProperties) = preSolution
		HideSolutionNode = FALSE
	EndGlobalSection
	GlobalSection(NestedProjects) = preSolution
		{A584DCC3-56BC-49A7-8694-C39D41DC1760} = {34CAC29E-4102-4D6E-A5DC-A8912277B96C}
		{D4383D04-1A53-4564-8C2E-CA8C2DCF95C7} = {8F2A99AF-4D38-4980-9B49-1C15026FB625}
		{CA9FD2C0-70B1-401D-9B02-4C084E9996AC} = {60AFE07E-ED85-403A-8269-3F2F72EFCADB}
		{589E5817-611D-4A1B-80B5-9572F134997B} = {60AFE07E-ED85-403A-8269-3F2F72EFCADB}
		{BFFBE781-E72F-412C-9BC1-79822FE2922D} = {60AFE07E-ED85-403A-8269-3F2F72EFCADB}
		{3191EEF2-C0DF-42A6-96F5-717A02DB0D98} = {60AFE07E-ED85-403A-8269-3F2F72EFCADB}
	EndGlobalSection
	GlobalSection(ExtensibilityGlobals) = postSolution
		SolutionGuid = {773A5403-3A17-4B0B-B6C1-D3CC0A5B71D1}
	EndGlobalSection
EndGlobal
